
Microsoft Visual Studio Solution File, Format Version 12.00
# Visual Studio 15
Project("{FAE04EC0-301F-11D3-BF4B-00C04F79EFBC}") = "Assembly-CSharp", "Assembly-CSharp.csproj", "{DE834BBB-654A-624F-5281-3907B3BD26BF}"
EndProject
Project("{FAE04EC0-301F-11D3-BF4B-00C04F79EFBC}") = "Assembly-CSharp-Editor", "Assembly-CSharp-Editor.csproj", "{5FA8E10B-0122-5174-C400-D7B2FDB046EB}"
EndProject
Global
	GlobalSection(SolutionConfigurationPlatforms) = preSolution
		Debug|Any CPU = Debug|Any CPU
		Release|Any CPU = Release|Any CPU
	EndGlobalSection
	GlobalSection(ProjectConfigurationPlatforms) = postSolution
		{DE834BBB-654A-624F-5281-3907B3BD26BF}.Debug|Any CPU.ActiveCfg = Debug|Any CPU
		{DE834BBB-654A-624F-5281-3907B3BD26BF}.Debug|Any CPU.Build.0 = Debug|Any CPU
		{DE834BBB-654A-624F-5281-3907B3BD26BF}.Release|Any CPU.ActiveCfg = Release|Any CPU
		{DE834BBB-654A-624F-5281-3907B3BD26BF}.Release|Any CPU.Build.0 = Release|Any CPU
		{5FA8E10B-0122-5174-C400-D7B2FDB046EB}.Debug|Any CPU.ActiveCfg = Debug|Any CPU
		{5FA8E10B-0122-5174-C400-D7B2FDB046EB}.Debug|Any CPU.Build.0 = Debug|Any CPU
		{5FA8E10B-0122-5174-C400-D7B2FDB046EB}.Release|Any CPU.ActiveCfg = Release|Any CPU
		{5FA8E10B-0122-5174-C400-D7B2FDB046EB}.Release|Any CPU.Build.0 = Release|Any CPU
	EndGlobalSection
	GlobalSection(SolutionProperties) = preSolution
		HideSolutionNode = FALSE
	EndGlobalSection
EndGlobal
